
Microsoft Visual Studio Solution File, Format Version 12.00
# Visual Studio Version 17
VisualStudioVersion = 17.0.31919.166
MinimumVisualStudioVersion = 10.0.40219.1
Project("{FAE04EC0-301F-11D3-BF4B-00C04F79EFBC}") = "AddressBookProject", "AddressBookProject.csproj", "{EBBDF72B-5998-4988-9713-BD41D597E7D4}"
EndProject
Global
	GlobalSection(SolutionConfigurationPlatforms) = preSolution
		Debug|Any CPU = Debug|Any CPU
		Release|Any CPU = Release|Any CPU
	EndGlobalSection
	GlobalSection(ProjectConfigurationPlatforms) = postSolution
		{EBBDF72B-5998-4988-9713-BD41D597E7D4}.Debug|Any CPU.ActiveCfg = Debug|Any CPU
		{EBBDF72B-5998-4988-9713-BD41D597E7D4}.Debug|Any CPU.Build.0 = Debug|Any CPU
		{EBBDF72B-5998-4988-9713-BD41D597E7D4}.Release|Any CPU.ActiveCfg = Release|Any CPU
		{EBBDF72B-5998-4988-9713-BD41D597E7D4}.Release|Any CPU.Build.0 = Release|Any CPU
	EndGlobalSection
	GlobalSection(SolutionProperties) = preSolution
		HideSolutionNode = FALSE
	EndGlobalSection
	GlobalSection(ExtensibilityGlobals) = postSolution
		SolutionGuid = {31A3CE75-6B45-4556-A0FA-A0C0EACAC855}
	EndGlobalSection
EndGlobal
